// !$*UTF8*$!
{
	archiveVersion = 1;
	classes = {
	};
	objectVersion = 55;
	objects = {

/* Begin PBXBuildFile section */
		8D38751228C304A900038F70 /* SwiftUIGenerateQrCodeApp.swift in Sources */ = {isa = PBXBuildFile; fileRef = 8D38751128C304A900038F70 /* SwiftUIGenerateQrCodeApp.swift */; };
		8D38751428C304A900038F70 /* ContentView.swift in Sources */ = {isa = PBXBuildFile; fileRef = 8D38751328C304A900038F70 /* ContentView.swift */; };
		8D38751628C304AC00038F70 /* Assets.xcassets in Resources */ = {isa = PBXBuildFile; fileRef = 8D38751528C304AC00038F70 /* Assets.xcassets */; };
		8D38751928C304AC00038F70 /* Preview Assets.xcassets in Resources */ = {isa = PBXBuildFile; fileRef = 8D38751828C304AC00038F70 /* Preview Assets.xcassets */; };
		8D38752328C304AC00038F70 /* SwiftUIGenerateQrCodeTests.swift in Sources */ = {isa = PBXBuildFile; fileRef = 8D38752228C304AC00038F70 /* SwiftUIGenerateQrCodeTests.swift */; };
		8D38752D28C304AC00038F70 /* SwiftUIGenerateQrCodeUITests.swift in Sources */ = {isa = PBXBuildFile; fileRef = 8D38752C28C304AC00038F70 /* SwiftUIGenerateQrCodeUITests.swift */; };
		8D38752F28C304AC00038F70 /* SwiftUIGenerateQrCodeUITestsLaunchTests.swift in Sources */ = {isa = PBXBuildFile; fileRef = 8D38752E28C304AC00038F70 /* SwiftUIGenerateQrCodeUITestsLaunchTests.swift */; };
		8D38753C28C305D600038F70 /* QRCodeGenerator.swift in Sources */ = {isa = PBXBuildFile; fileRef = 8D38753B28C305D600038F70 /* QRCodeGenerator.swift */; };
/* End PBXBuildFile section */

/* Begin PBXContainerItemProxy section */
		8D38751F28C304AC00038F70 /* PBXContainerItemProxy */ = {
			isa = PBXContainerItemProxy;
			containerPortal = 8D38750628C304A900038F70 /* Project object */;
			proxyType = 1;
			remoteGlobalIDString = 8D38750D28C304A900038F70;
			remoteInfo = SwiftUIGenerateQrCode;
		};
		8D38752928C304AC00038F70 /* PBXContainerItemProxy */ = {
			isa = PBXContainerItemProxy;
			containerPortal = 8D38750628C304A900038F70 /* Project object */;
			proxyType = 1;
			remoteGlobalIDString = 8D38750D28C304A900038F70;
			remoteInfo = SwiftUIGenerateQrCode;
		};
/* End PBXContainerItemProxy section */

/* Begin PBXFileReference section */
		8D38750E28C304A900038F70 /* SwiftUIGenerateQrCode.app */ = {isa = PBXFileReference; explicitFileType = wrapper.application; includeInIndex = 0; path = SwiftUIGenerateQrCode.app; sourceTree = BUILT_PRODUCTS_DIR; };
		8D38751128C304A900038F70 /* SwiftUIGenerateQrCodeApp.swift */ = {isa = PBXFileReference; lastKnownFileType = sourcecode.swift; path = SwiftUIGenerateQrCodeApp.swift; sourceTree = "<group>"; };
		8D38751328C304A900038F70 /* ContentView.swift */ = {isa = PBXFileReference; lastKnownFileType = sourcecode.swift; path = ContentView.swift; sourceTree = "<group>"; };
		8D38751528C304AC00038F70 /* Assets.xcassets */ = {isa = PBXFileReference; lastKnownFileType = folder.assetcatalog; path = Assets.xcassets; sourceTree = "<group>"; };
		8D38751828C304AC00038F70 /* Preview Assets.xcassets */ = {isa = PBXFileReference; lastKnownFileType = folder.assetcatalog; path = "Preview Assets.xcassets"; sourceTree = "<group>"; };
		8D38751E28C304AC00038F70 /* SwiftUIGenerateQrCodeTests.xctest */ = {isa = PBXFileReference; explicitFileType = wrapper.cfbundle; includeInIndex = 0; path = SwiftUIGenerateQrCodeTests.xctest; sourceTree = BUILT_PRODUCTS_DIR; };
		8D38752228C304AC00038F70 /* SwiftUIGenerateQrCodeTests.swift */ = {isa = PBXFileReference; lastKnownFileType = sourcecode.swift; path = SwiftUIGenerateQrCodeTests.swift; sourceTree = "<group>"; };
		8D38752828C304AC00038F70 /* SwiftUIGenerateQrCodeUITests.xctest */ = {isa = PBXFileReference; explicitFileType = wrapper.cfbundle; includeInIndex = 0; path = SwiftUIGenerateQrCodeUITests.xctest; sourceTree = BUILT_PRODUCTS_DIR; };
		8D38752C28C304AC00038F70 /* SwiftUIGenerateQrCodeUITests.swift */ = {isa = PBXFileReference; lastKnownFileType = sourcecode.swift; path = SwiftUIGenerateQrCodeUITests.swift; sourceTree = "<group>"; };
		8D38752E28C304AC00038F70 /* SwiftUIGenerateQrCodeUITestsLaunchTests.swift */ = {isa = PBXFileReference; lastKnownFileType = sourcecode.swift; path = SwiftUIGenerateQrCodeUITestsLaunchTests.swift; sourceTree = "<group>"; };
		8D38753B28C305D600038F70 /* QRCodeGenerator.swift */ = {isa = PBXFileReference; lastKnownFileType = sourcecode.swift; path = QRCodeGenerator.swift; sourceTree = "<group>"; };
/* End PBXFileReference section */

/* Begin PBXFrameworksBuildPhase section */
		8D38750B28C304A900038F70 /* Frameworks */ = {
			isa = PBXFrameworksBuildPhase;
			buildActionMask = 2147483647;
			files = (
			);
			runOnlyForDeploymentPostprocessing = 0;
		};
		8D38751B28C304AC00038F70 /* Frameworks */ = {
			isa = PBXFrameworksBuildPhase;
			buildActionMask = 2147483647;
			files = (
			);
			runOnlyForDeploymentPostprocessing = 0;
		};
		8D38752528C304AC00038F70 /* Frameworks */ = {
			isa = PBXFrameworksBuildPhase;
			buildActionMask = 2147483647;
			files = (
			);
			runOnlyForDeploymentPostprocessing = 0;
		};
/* End PBXFrameworksBuildPhase section */

/* Begin PBXGroup section */
		8D38750528C304A900038F70 = {
			isa = PBXGroup;
			children = (
				8D38751028C304A900038F70 /* SwiftUIGenerateQrCode */,
				8D38752128C304AC00038F70 /* SwiftUIGenerateQrCodeTests */,
				8D38752B28C304AC00038F70 /* SwiftUIGenerateQrCodeUITests */,
				8D38750F28C304A900038F70 /* Products */,
			);
			sourceTree = "<group>";
		};
		8D38750F28C304A900038F70 /* Products */ = {
			isa = PBXGroup;
			children = (
				8D38750E28C304A900038F70 /* SwiftUIGenerateQrCode.app */,
				8D38751E28C304AC00038F70 /* SwiftUIGenerateQrCodeTests.xctest */,
				8D38752828C304AC00038F70 /* SwiftUIGenerateQrCodeUITests.xctest */,
			);
			name = Products;
			sourceTree = "<group>";
		};
		8D38751028C304A900038F70 /* SwiftUIGenerateQrCode */ = {
			isa = PBXGroup;
			children = (
				8D38751128C304A900038F70 /* SwiftUIGenerateQrCodeApp.swift */,
				8D38751328C304A900038F70 /* ContentView.swift */,
				8D38753B28C305D600038F70 /* QRCodeGenerator.swift */,
				8D38751528C304AC00038F70 /* Assets.xcassets */,
				8D38751728C304AC00038F70 /* Preview Content */,
			);
			path = SwiftUIGenerateQrCode;
			sourceTree = "<group>";
		};
		8D38751728C304AC00038F70 /* Preview Content */ = {
			isa = PBXGroup;
			children = (
				8D38751828C304AC00038F70 /* Preview Assets.xcassets */,
			);
			path = "Preview Content";
			sourceTree = "<group>";
		};
		8D38752128C304AC00038F70 /* SwiftUIGenerateQrCodeTests */ = {
			isa = PBXGroup;
			children = (
				8D38752228C304AC00038F70 /* SwiftUIGenerateQrCodeTests.swift */,
			);
			path = SwiftUIGenerateQrCodeTests;
			sourceTree = "<group>";
		};
		8D38752B28C304AC00038F70 /* SwiftUIGenerateQrCodeUITests */ = {
			isa = PBXGroup;
			children = (
				8D38752C28C304AC00038F70 /* SwiftUIGenerateQrCodeUITests.swift */,
				8D38752E28C304AC00038F70 /* SwiftUIGenerateQrCodeUITestsLaunchTests.swift */,
			);
			path = SwiftUIGenerateQrCodeUITests;
			sourceTree = "<group>";
		};
/* End PBXGroup section */

/* Begin PBXNativeTarget section */
		8D38750D28C304A900038F70 /* SwiftUIGenerateQrCode */ = {
			isa = PBXNativeTarget;
			buildConfigurationList = 8D38753228C304AC00038F70 /* Build configuration list for PBXNativeTarget "SwiftUIGenerateQrCode" */;
			buildPhases = (
				8D38750A28C304A900038F70 /* Sources */,
				8D38750B28C304A900038F70 /* Frameworks */,
				8D38750C28C304A900038F70 /* Resources */,
			);
			buildRules = (
			);
			dependencies = (
			);
			name = SwiftUIGenerateQrCode;
			productName = SwiftUIGenerateQrCode;
			productReference = 8D38750E28C304A900038F70 /* SwiftUIGenerateQrCode.app */;
			productType = "com.apple.product-type.application";
		};
		8D38751D28C304AC00038F70 /* SwiftUIGenerateQrCodeTests */ = {
			isa = PBXNativeTarget;
			buildConfigurationList = 8D38753528C304AC00038F70 /* Build configuration list for PBXNativeTarget "SwiftUIGenerateQrCodeTests" */;
			buildPhases = (
				8D38751A28C304AC00038F70 /* Sources */,
				8D38751B28C304AC00038F70 /* Frameworks */,
				8D38751C28C304AC00038F70 /* Resources */,
			);
			buildRules = (
			);
			dependencies = (
				8D38752028C304AC00038F70 /* PBXTargetDependency */,
			);
			name = SwiftUIGenerateQrCodeTests;
			productName = SwiftUIGenerateQrCodeTests;
			productReference = 8D38751E28C304AC00038F70 /* SwiftUIGenerateQrCodeTests.xctest */;
			productType = "com.apple.product-type.bundle.unit-test";
		};
		8D38752728C304AC00038F70 /* SwiftUIGenerateQrCodeUITests */ = {
			isa = PBXNativeTarget;
			buildConfigurationList = 8D38753828C304AC00038F70 /* Build configuration list for PBXNativeTarget "SwiftUIGenerateQrCodeUITests" */;
			buildPhases = (
				8D38752428C304AC00038F70 /* Sources */,
				8D38752528C304AC00038F70 /* Frameworks */,
				8D38752628C304AC00038F70 /* Resources */,
			);
			buildRules = (
			);
			dependencies = (
				8D38752A28C304AC00038F70 /* PBXTargetDependency */,
			);
			name = SwiftUIGenerateQrCodeUITests;
			productName = SwiftUIGenerateQrCodeUITests;
			productReference = 8D38752828C304AC00038F70 /* SwiftUIGenerateQrCodeUITests.xctest */;
			productType = "com.apple.product-type.bundle.ui-testing";
		};
/* End PBXNativeTarget section */

/* Begin PBXProject section */
		8D38750628C304A900038F70 /* Project object */ = {
			isa = PBXProject;
			attributes = {
				BuildIndependentTargetsInParallel = 1;
				LastSwiftUpdateCheck = 1340;
				LastUpgradeCheck = 1340;
				TargetAttributes = {
					8D38750D28C304A900038F70 = {
						CreatedOnToolsVersion = 13.4.1;
					};
					8D38751D28C304AC00038F70 = {
						CreatedOnToolsVersion = 13.4.1;
						TestTargetID = 8D38750D28C304A900038F70;
					};
					8D38752728C304AC00038F70 = {
						CreatedOnToolsVersion = 13.4.1;
						TestTargetID = 8D38750D28C304A900038F70;
					};
				};
			};
			buildConfigurationList = 8D38750928C304A900038F70 /* Build configuration list for PBXProject "SwiftUIGenerateQrCode" */;
			compatibilityVersion = "Xcode 13.0";
			developmentRegion = en;
			hasScannedForEncodings = 0;
			knownRegions = (
				en,
				Base,
			);
			mainGroup = 8D38750528C304A900038F70;
			productRefGroup = 8D38750F28C304A900038F70 /* Products */;
			projectDirPath = "";
			projectRoot = "";
			targets = (
				8D38750D28C304A900038F70 /* SwiftUIGenerateQrCode */,
				8D38751D28C304AC00038F70 /* SwiftUIGenerateQrCodeTests */,
				8D38752728C304AC00038F70 /* SwiftUIGenerateQrCodeUITests */,
			);
		};
/* End PBXProject section */

/* Begin PBXResourcesBuildPhase section */
		8D38750C28C304A900038F70 /* Resources */ = {
			isa = PBXResourcesBuildPhase;
			buildActionMask = 2147483647;
			files = (
				8D38751928C304AC00038F70 /* Preview Assets.xcassets in Resources */,
				8D38751628C304AC00038F70 /* Assets.xcassets in Resources */,
			);
			runOnlyForDeploymentPostprocessing = 0;
		};
		8D38751C28C304AC00038F70 /* Resources */ = {
			isa = PBXResourcesBuildPhase;
			buildActionMask = 2147483647;
			files = (
			);
			runOnlyForDeploymentPostprocessing = 0;
		};
		8D38752628C304AC00038F70 /* Resources */ = {
			isa = PBXResourcesBuildPhase;
			buildActionMask = 2147483647;
			files = (
			);
			runOnlyForDeploymentPostprocessing = 0;
		};
/* End PBXResourcesBuildPhase section */

/* Begin PBXSourcesBuildPhase section */
		8D38750A28C304A900038F70 /* Sources */ = {
			isa = PBXSourcesBuildPhase;
			buildActionMask = 2147483647;
			files = (
				8D38751428C304A900038F70 /* ContentView.swift in Sources */,
				8D38753C28C305D600038F70 /* QRCodeGenerator.swift in Sources */,
				8D38751228C304A900038F70 /* SwiftUIGenerateQrCodeApp.swift in Sources */,
			);
			runOnlyForDeploymentPostprocessing = 0;
		};
		8D38751A28C304AC00038F70 /* Sources */ = {
			isa = PBXSourcesBuildPhase;
			buildActionMask = 2147483647;
			files = (
				8D38752328C304AC00038F70 /* SwiftUIGenerateQrCodeTests.swift in Sources */,
			);
			runOnlyForDeploymentPostprocessing = 0;
		};
		8D38752428C304AC00038F70 /* Sources */ = {
			isa = PBXSourcesBuildPhase;
			buildActionMask = 2147483647;
			files = (
				8D38752D28C304AC00038F70 /* SwiftUIGenerateQrCodeUITests.swift in Sources */,
				8D38752F28C304AC00038F70 /* SwiftUIGenerateQrCodeUITestsLaunchTests.swift in Sources */,
			);
			runOnlyForDeploymentPostprocessing = 0;
		};
/* End PBXSourcesBuildPhase section */

/* Begin PBXTargetDependency section */
		8D38752028C304AC00038F70 /* PBXTargetDependency */ = {
			isa = PBXTargetDependency;
			target = 8D38750D28C304A900038F70 /* SwiftUIGenerateQrCode */;
			targetProxy = 8D38751F28C304AC00038F70 /* PBXContainerItemProxy */;
		};
		8D38752A28C304AC00038F70 /* PBXTargetDependency */ = {
			isa = PBXTargetDependency;
			target = 8D38750D28C304A900038F70 /* SwiftUIGenerateQrCode */;
			targetProxy = 8D38752928C304AC00038F70 /* PBXContainerItemProxy */;
		};
/* End PBXTargetDependency section */

/* Begin XCBuildConfiguration section */
		8D38753028C304AC00038F70 /* Debug */ = {
			isa = XCBuildConfiguration;
			buildSettings = {
				ALWAYS_SEARCH_USER_PATHS = NO;
				CLANG_ANALYZER_NONNULL = YES;
				CLANG_ANALYZER_NUMBER_OBJECT_CONVERSION = YES_AGGRESSIVE;
				CLANG_CXX_LANGUAGE_STANDARD = "gnu++17";
				CLANG_ENABLE_MODULES = YES;
				CLANG_ENABLE_OBJC_ARC = YES;
				CLANG_ENABLE_OBJC_WEAK = YES;
				CLANG_WARN_BLOCK_CAPTURE_AUTORELEASING = YES;
				CLANG_WARN_BOOL_CONVERSION = YES;
				CLANG_WARN_COMMA = YES;
				CLANG_WARN_CONSTANT_CONVERSION = YES;
				CLANG_WARN_DEPRECATED_OBJC_IMPLEMENTATIONS = YES;
				CLANG_WARN_DIRECT_OBJC_ISA_USAGE = YES_ERROR;
				CLANG_WARN_DOCUMENTATION_COMMENTS = YES;
				CLANG_WARN_EMPTY_BODY = YES;
				CLANG_WARN_ENUM_CONVERSION = YES;
				CLANG_WARN_INFINITE_RECURSION = YES;
				CLANG_WARN_INT_CONVERSION = YES;
				CLANG_WARN_NON_LITERAL_NULL_CONVERSION = YES;
				CLANG_WARN_OBJC_IMPLICIT_RETAIN_SELF = YES;
				CLANG_WARN_OBJC_LITERAL_CONVERSION = YES;
				CLANG_WARN_OBJC_ROOT_CLASS = YES_ERROR;
				CLANG_WARN_QUOTED_INCLUDE_IN_FRAMEWORK_HEADER = YES;
				CLANG_WARN_RANGE_LOOP_ANALYSIS = YES;
				CLANG_WARN_STRICT_PROTOTYPES = YES;
				CLANG_WARN_SUSPICIOUS_MOVE = YES;
				CLANG_WARN_UNGUARDED_AVAILABILITY = YES_AGGRESSIVE;
				CLANG_WARN_UNREACHABLE_CODE = YES;
				CLANG_WARN__DUPLICATE_METHOD_MATCH = YES;
				COPY_PHASE_STRIP = NO;
				DEBUG_INFORMATION_FORMAT = dwarf;
				ENABLE_STRICT_OBJC_MSGSEND = YES;
				ENABLE_TESTABILITY = YES;
				GCC_C_LANGUAGE_STANDARD = gnu11;
				GCC_DYNAMIC_NO_PIC = NO;
				GCC_NO_COMMON_BLOCKS = YES;
				GCC_OPTIMIZATION_LEVEL = 0;
				GCC_PREPROCESSOR_DEFINITIONS = (
					"DEBUG=1",
					"$(inherited)",
				);
				GCC_WARN_64_TO_32_BIT_CONVERSION = YES;
				GCC_WARN_ABOUT_RETURN_TYPE = YES_ERROR;
				GCC_WARN_UNDECLARED_SELECTOR = YES;
				GCC_WARN_UNINITIALIZED_AUTOS = YES_AGGRESSIVE;
				GCC_WARN_UNUSED_FUNCTION = YES;
				GCC_WARN_UNUSED_VARIABLE = YES;
				IPHONEOS_DEPLOYMENT_TARGET = 15.5;
				MTL_ENABLE_DEBUG_INFO = INCLUDE_SOURCE;
				MTL_FAST_MATH = YES;
				ONLY_ACTIVE_ARCH = YES;
				SDKROOT = iphoneos;
				SWIFT_ACTIVE_COMPILATION_CONDITIONS = DEBUG;
				SWIFT_OPTIMIZATION_LEVEL = "-Onone";
			};
			name = Debug;
		};
		8D38753128C304AC00038F70 /* Release */ = {
			isa = XCBuildConfiguration;
			buildSettings = {
				ALWAYS_SEARCH_USER_PATHS = NO;
				CLANG_ANALYZER_NONNULL = YES;
				CLANG_ANALYZER_NUMBER_OBJECT_CONVERSION = YES_AGGRESSIVE;
				CLANG_CXX_LANGUAGE_STANDARD = "gnu++17";
				CLANG_ENABLE_MODULES = YES;
				CLANG_ENABLE_OBJC_ARC = YES;
				CLANG_ENABLE_OBJC_WEAK = YES;
				CLANG_WARN_BLOCK_CAPTURE_AUTORELEASING = YES;
				CLANG_WARN_BOOL_CONVERSION = YES;
				CLANG_WARN_COMMA = YES;
				CLANG_WARN_CONSTANT_CONVERSION = YES;
				CLANG_WARN_DEPRECATED_OBJC_IMPLEMENTATIONS = YES;
				CLANG_WARN_DIRECT_OBJC_ISA_USAGE = YES_ERROR;
				CLANG_WARN_DOCUMENTATION_COMMENTS = YES;
				CLANG_WARN_EMPTY_BODY = YES;
				CLANG_WARN_ENUM_CONVERSION = YES;
				CLANG_WARN_INFINITE_RECURSION = YES;
				CLANG_WARN_INT_CONVERSION = YES;
				CLANG_WARN_NON_LITERAL_NULL_CONVERSION = YES;
				CLANG_WARN_OBJC_IMPLICIT_RETAIN_SELF = YES;
				CLANG_WARN_OBJC_LITERAL_CONVERSION = YES;
				CLANG_WARN_OBJC_ROOT_CLASS = YES_ERROR;
				CLANG_WARN_QUOTED_INCLUDE_IN_FRAMEWORK_HEADER = YES;
				CLANG_WARN_RANGE_LOOP_ANALYSIS = YES;
				CLANG_WARN_STRICT_PROTOTYPES = YES;
				CLANG_WARN_SUSPICIOUS_MOVE = YES;
				CLANG_WARN_UNGUARDED_AVAILABILITY = YES_AGGRESSIVE;
				CLANG_WARN_UNREACHABLE_CODE = YES;
				CLANG_WARN__DUPLICATE_METHOD_MATCH = YES;
				COPY_PHASE_STRIP = NO;
				DEBUG_INFORMATION_FORMAT = "dwarf-with-dsym";
				ENABLE_NS_ASSERTIONS = NO;
				ENABLE_STRICT_OBJC_MSGSEND = YES;
				GCC_C_LANGUAGE_STANDARD = gnu11;
				GCC_NO_COMMON_BLOCKS = YES;
				GCC_WARN_64_TO_32_BIT_CONVERSION = YES;
				GCC_WARN_ABOUT_RETURN_TYPE = YES_ERROR;
				GCC_WARN_UNDECLARED_SELECTOR = YES;
				GCC_WARN_UNINITIALIZED_AUTOS = YES_AGGRESSIVE;
				GCC_WARN_UNUSED_FUNCTION = YES;
				GCC_WARN_UNUSED_VARIABLE = YES;
				IPHONEOS_DEPLOYMENT_TARGET = 15.5;
				MTL_ENABLE_DEBUG_INFO = NO;
				MTL_FAST_MATH = YES;
				SDKROOT = iphoneos;
				SWIFT_COMPILATION_MODE = wholemodule;
				SWIFT_OPTIMIZATION_LEVEL = "-O";
				VALIDATE_PRODUCT = YES;
			};
			name = Release;
		};
		8D38753328C304AC00038F70 /* Debug */ = {
			isa = XCBuildConfiguration;
			buildSettings = {
				ASSETCATALOG_COMPILER_APPICON_NAME = AppIcon;
				ASSETCATALOG_COMPILER_GLOBAL_ACCENT_COLOR_NAME = AccentColor;
				CODE_SIGN_STYLE = Automatic;
				CURRENT_PROJECT_VERSION = 1;
				DEVELOPMENT_ASSET_PATHS = "\"SwiftUIGenerateQrCode/Preview Content\"";
				ENABLE_PREVIEWS = YES;
				GENERATE_INFOPLIST_FILE = YES;
				INFOPLIST_KEY_UIApplicationSceneManifest_Generation = YES;
				INFOPLIST_KEY_UIApplicationSupportsIndirectInputEvents = YES;
				INFOPLIST_KEY_UILaunchScreen_Generation = YES;
				INFOPLIST_KEY_UISupportedInterfaceOrientations_iPad = "UIInterfaceOrientationPortrait UIInterfaceOrientationPortraitUpsideDown UIInterfaceOrientationLandscapeLeft UIInterfaceOrientationLandscapeRight";
				INFOPLIST_KEY_UISupportedInterfaceOrientations_iPhone = "UIInterfaceOrientationPortrait UIInterfaceOrientationLandscapeLeft UIInterfaceOrientationLandscapeRight";
				LD_RUNPATH_SEARCH_PATHS = (
					"$(inherited)",
					"@executable_path/Frameworks",
				);
				MARKETING_VERSION = 1.0;
				PRODUCT_BUNDLE_IDENTIFIER = lucys.SwiftUIGenerateQrCode;
				PRODUCT_NAME = "$(TARGET_NAME)";
				SWIFT_EMIT_LOC_STRINGS = YES;
				SWIFT_VERSION = 5.0;
				TARGETED_DEVICE_FAMILY = "1,2";
			};
			name = Debug;
		};
		8D38753428C304AC00038F70 /* Release */ = {
			isa = XCBuildConfiguration;
			buildSettings = {
				ASSETCATALOG_COMPILER_APPICON_NAME = AppIcon;
				ASSETCATALOG_COMPILER_GLOBAL_ACCENT_COLOR_NAME = AccentColor;
				CODE_SIGN_STYLE = Automatic;
				CURRENT_PROJECT_VERSION = 1;
				DEVELOPMENT_ASSET_PATHS = "\"SwiftUIGenerateQrCode/Preview Content\"";
				ENABLE_PREVIEWS = YES;
				GENERATE_INFOPLIST_FILE = YES;
				INFOPLIST_KEY_UIApplicationSceneManifest_Generation = YES;
				INFOPLIST_KEY_UIApplicationSupportsIndirectInputEvents = YES;
				INFOPLIST_KEY_UILaunchScreen_Generation = YES;
				INFOPLIST_KEY_UISupportedInterfaceOrientations_iPad = "UIInterfaceOrientationPortrait UIInterfaceOrientationPortraitUpsideDown UIInterfaceOrientationLandscapeLeft UIInterfaceOrientationLandscapeRight";
				INFOPLIST_KEY_UISupportedInterfaceOrientations_iPhone = "UIInterfaceOrientationPortrait UIInterfaceOrientationLandscapeLeft UIInterfaceOrientationLandscapeRight";
				LD_RUNPATH_SEARCH_PATHS = (
					"$(inherited)",
					"@executable_path/Frameworks",
				);
				MARKETING_VERSION = 1.0;
				PRODUCT_BUNDLE_IDENTIFIER = lucys.SwiftUIGenerateQrCode;
				PRODUCT_NAME = "$(TARGET_NAME)";
				SWIFT_EMIT_LOC_STRINGS = YES;
				SWIFT_VERSION = 5.0;
				TARGETED_DEVICE_FAMILY = "1,2";
			};
			name = Release;
		};
		8D38753628C304AC00038F70 /* Debug */ = {
			isa = XCBuildConfiguration;
			buildSettings = {
				ALWAYS_EMBED_SWIFT_STANDARD_LIBRARIES = YES;
				BUNDLE_LOADER = "$(TEST_HOST)";
				CODE_SIGN_STYLE = Automatic;
				CURRENT_PROJECT_VERSION = 1;
				GENERATE_INFOPLIST_FILE = YES;
				IPHONEOS_DEPLOYMENT_TARGET = 15.5;
				MARKETING_VERSION = 1.0;
				PRODUCT_BUNDLE_IDENTIFIER = lucys.SwiftUIGenerateQrCodeTests;
				PRODUCT_NAME = "$(TARGET_NAME)";
				SWIFT_EMIT_LOC_STRINGS = NO;
				SWIFT_VERSION = 5.0;
				TARGETED_DEVICE_FAMILY = "1,2";
				TEST_HOST = "$(BUILT_PRODUCTS_DIR)/SwiftUIGenerateQrCode.app/SwiftUIGenerateQrCode";
			};
			name = Debug;
		};
		8D38753728C304AC00038F70 /* Release */ = {
			isa = XCBuildConfiguration;
			buildSettings = {
				ALWAYS_EMBED_SWIFT_STANDARD_LIBRARIES = YES;
				BUNDLE_LOADER = "$(TEST_HOST)";
				CODE_SIGN_STYLE = Automatic;
				CURRENT_PROJECT_VERSION = 1;
				GENERATE_INFOPLIST_FILE = YES;
				IPHONEOS_DEPLOYMENT_TARGET = 15.5;
				MARKETING_VERSION = 1.0;
				PRODUCT_BUNDLE_IDENTIFIER = lucys.SwiftUIGenerateQrCodeTests;
				PRODUCT_NAME = "$(TARGET_NAME)";
				SWIFT_EMIT_LOC_STRINGS = NO;
				SWIFT_VERSION = 5.0;
				TARGETED_DEVICE_FAMILY = "1,2";
				TEST_HOST = "$(BUILT_PRODUCTS_DIR)/SwiftUIGenerateQrCode.app/SwiftUIGenerateQrCode";
			};
			name = Release;
		};
		8D38753928C304AC00038F70 /* Debug */ = {
			isa = XCBuildConfiguration;
			buildSettings = {
				ALWAYS_EMBED_SWIFT_STANDARD_LIBRARIES = YES;
				CODE_SIGN_STYLE = Automatic;
				CURRENT_PROJECT_VERSION = 1;
				GENERATE_INFOPLIST_FILE = YES;
				MARKETING_VERSION = 1.0;
				PRODUCT_BUNDLE_IDENTIFIER = lucys.SwiftUIGenerateQrCodeUITests;
				PRODUCT_NAME = "$(TARGET_NAME)";
				SWIFT_EMIT_LOC_STRINGS = NO;
				SWIFT_VERSION = 5.0;
				TARGETED_DEVICE_FAMILY = "1,2";
				TEST_TARGET_NAME = SwiftUIGenerateQrCode;
			};
			name = Debug;
		};
		8D38753A28C304AC00038F70 /* Release */ = {
			isa = XCBuildConfiguration;
			buildSettings = {
				ALWAYS_EMBED_SWIFT_STANDARD_LIBRARIES = YES;
				CODE_SIGN_STYLE = Automatic;
				CURRENT_PROJECT_VERSION = 1;
				GENERATE_INFOPLIST_FILE = YES;
				MARKETING_VERSION = 1.0;
				PRODUCT_BUNDLE_IDENTIFIER = lucys.SwiftUIGenerateQrCodeUITests;
				PRODUCT_NAME = "$(TARGET_NAME)";
				SWIFT_EMIT_LOC_STRINGS = NO;
				SWIFT_VERSION = 5.0;
				TARGETED_DEVICE_FAMILY = "1,2";
				TEST_TARGET_NAME = SwiftUIGenerateQrCode;
			};
			name = Release;
		};
/* End XCBuildConfiguration section */

/* Begin XCConfigurationList section */
		8D38750928C304A900038F70 /* Build configuration list for PBXProject "SwiftUIGenerateQrCode" */ = {
			isa = XCConfigurationList;
			buildConfigurations = (
				8D38753028C304AC00038F70 /* Debug */,
				8D38753128C304AC00038F70 /* Release */,
			);
			defaultConfigurationIsVisible = 0;
			defaultConfigurationName = Release;
		};
		8D38753228C304AC00038F70 /* Build configuration list for PBXNativeTarget "SwiftUIGenerateQrCode" */ = {
			isa = XCConfigurationList;
			buildConfigurations = (
				8D38753328C304AC00038F70 /* Debug */,
				8D38753428C304AC00038F70 /* Release */,
			);
			defaultConfigurationIsVisible = 0;
			defaultConfigurationName = Release;
		};
		8D38753528C304AC00038F70 /* Build configuration list for PBXNativeTarget "SwiftUIGenerateQrCodeTests" */ = {
			isa = XCConfigurationList;
			buildConfigurations = (
				8D38753628C304AC00038F70 /* Debug */,
				8D38753728C304AC00038F70 /* Release */,
			);
			defaultConfigurationIsVisible = 0;
			defaultConfigurationName = Release;
		};
		8D38753828C304AC00038F70 /* Build configuration list for PBXNativeTarget "SwiftUIGenerateQrCodeUITests" */ = {
			isa = XCConfigurationList;
			buildConfigurations = (
				8D38753928C304AC00038F70 /* Debug */,
				8D38753A28C304AC00038F70 /* Release */,
			);
			defaultConfigurationIsVisible = 0;
			defaultConfigurationName = Release;
		};
/* End XCConfigurationList section */
	};
	rootObject = 8D38750628C304A900038F70 /* Project object */;
}
